
Microsoft Visual Studio Solution File, Format Version 12.00
# Visual Studio Version 16
VisualStudioVersion = 16.0.30503.244
MinimumVisualStudioVersion = 10.0.40219.1
Project("{9A19103F-16F7-4668-BE54-9A1E7A4F7556}") = "DiffSync", "DiffSync\DiffSync.csproj", "{7BBEF44D-CA3D-4F32-891A-EB02FE2288A4}"
EndProject
Project("{FAE04EC0-301F-11D3-BF4B-00C04F79EFBC}") = "DiffSyncTest", "DiffSyncTest\DiffSyncTest.csproj", "{FDC7600A-7DF1-42D9-9DB2-724E854AA7F5}"
EndProject
Global
	GlobalSection(SolutionConfigurationPlatforms) = preSolution
		Debug|Any CPU = Debug|Any CPU
		Release|Any CPU = Release|Any CPU
	EndGlobalSection
	GlobalSection(ProjectConfigurationPlatforms) = postSolution
		{7BBEF44D-CA3D-4F32-891A-EB02FE2288A4}.Debug|Any CPU.ActiveCfg = Debug|Any CPU
		{7BBEF44D-CA3D-4F32-891A-EB02FE2288A4}.Debug|Any CPU.Build.0 = Debug|Any CPU
		{7BBEF44D-CA3D-4F32-891A-EB02FE2288A4}.Release|Any CPU.ActiveCfg = Release|Any CPU
		{7BBEF44D-CA3D-4F32-891A-EB02FE2288A4}.Release|Any CPU.Build.0 = Release|Any CPU
		{FDC7600A-7DF1-42D9-9DB2-724E854AA7F5}.Debug|Any CPU.ActiveCfg = Debug|Any CPU
		{FDC7600A-7DF1-42D9-9DB2-724E854AA7F5}.Debug|Any CPU.Build.0 = Debug|Any CPU
		{FDC7600A-7DF1-42D9-9DB2-724E854AA7F5}.Release|Any CPU.ActiveCfg = Release|Any CPU
		{FDC7600A-7DF1-42D9-9DB2-724E854AA7F5}.Release|Any CPU.Build.0 = Release|Any CPU
	EndGlobalSection
	GlobalSection(SolutionProperties) = preSolution
		HideSolutionNode = FALSE
	EndGlobalSection
	GlobalSection(ExtensibilityGlobals) = postSolution
		SolutionGuid = {01DE7438-3654-4037-B567-090D51C0C0F2}
	EndGlobalSection
EndGlobal
